
Microsoft Visual Studio Solution File, Format Version 12.00
# Visual Studio Version 16
VisualStudioVersion = 16.0.31624.102
MinimumVisualStudioVersion = 10.0.40219.1
Project("{9A19103F-16F7-4668-BE54-9A1E7A4F7556}") = "WebApplication1", "WebApplication1\WebApplication1.csproj", "{AB0FBD4E-94E3-4C29-9E62-D5ACE5BF15BF}"
EndProject
Project("{E53339B2-1760-4266-BCC7-CA923CBCF16C}") = "docker-compose", "docker-compose.dcproj", "{9E4F6017-1759-44EA-8096-91D0A938E6E4}"
EndProject
Global
	GlobalSection(SolutionConfigurationPlatforms) = preSolution
		Debug|Any CPU = Debug|Any CPU
		Release|Any CPU = Release|Any CPU
	EndGlobalSection
	GlobalSection(ProjectConfigurationPlatforms) = postSolution
		{AB0FBD4E-94E3-4C29-9E62-D5ACE5BF15BF}.Debug|Any CPU.ActiveCfg = Debug|Any CPU
		{AB0FBD4E-94E3-4C29-9E62-D5ACE5BF15BF}.Debug|Any CPU.Build.0 = Debug|Any CPU
		{AB0FBD4E-94E3-4C29-9E62-D5ACE5BF15BF}.Release|Any CPU.ActiveCfg = Release|Any CPU
		{AB0FBD4E-94E3-4C29-9E62-D5ACE5BF15BF}.Release|Any CPU.Build.0 = Release|Any CPU
		{9E4F6017-1759-44EA-8096-91D0A938E6E4}.Debug|Any CPU.ActiveCfg = Debug|Any CPU
		{9E4F6017-1759-44EA-8096-91D0A938E6E4}.Debug|Any CPU.Build.0 = Debug|Any CPU
		{9E4F6017-1759-44EA-8096-91D0A938E6E4}.Release|Any CPU.ActiveCfg = Release|Any CPU
		{9E4F6017-1759-44EA-8096-91D0A938E6E4}.Release|Any CPU.Build.0 = Release|Any CPU
	EndGlobalSection
	GlobalSection(SolutionProperties) = preSolution
		HideSolutionNode = FALSE
	EndGlobalSection
	GlobalSection(ExtensibilityGlobals) = postSolution
		SolutionGuid = {5CE4E56A-2437-460F-8BB8-3280F8E20349}
	EndGlobalSection
EndGlobal
